<?xml version="1.0" encoding="utf-8"?>
<Project ToolsVersion="4.0" xmlns="http://schemas.microsoft.com/developer/msbuild/2003">
  <ItemGroup>
    <Filter Include="Source Files">
      <UniqueIdentifier>{4FC737F1-C7A5-4376-A066-2A32D752A2FF}</UniqueIdentifier>
      <Extensions>cpp;c;cc;cxx;c++;cppm;ixx;def;odl;idl;hpj;bat;asm;asmx</Extensions>
    </Filter>
    <Filter Include="Header Files">
      <UniqueIdentifier>{93995380-89BD-4b04-88EB-625FBE52EBFB}</UniqueIdentifier>
      <Extensions>h;hh;hpp;hxx;h++;hm;inl;inc;ipp;xsd</Extensions>
    </Filter>
    <Filter Include="Resource Files">
      <UniqueIdentifier>{67DA6AB6-F800-4c08-8B7A-83BB121AAD01}</UniqueIdentifier>
      <Extensions>rc;ico;cur;bmp;dlg;rc2;rct;bin;rgs;gif;jpg;jpeg;jpe;resx;tiff;tif;png;wav;mfcribbon-ms</Extensions>
    </Filter>
    <Filter Include="Source Files\Jalondi">
      <UniqueIdentifier>{8abfbff5-4dcb-4335-ae6b-77c03555be88}</UniqueIdentifier>
    </Filter>
    <Filter Include="Header Files\Jalondi">
      <UniqueIdentifier>{e612581d-548f-44e3-8206-e4a4bf0e7f9a}</UniqueIdentifier>
    </Filter>
    <Filter Include="Source Files\Slyvina">
      <UniqueIdentifier>{658b32f5-a640-42e2-9b70-5d7974973a43}</UniqueIdentifier>
    </Filter>
    <Filter Include="Source Files\Slyvina\Units">
      <UniqueIdentifier>{a3176d7e-ea3a-4cff-bb5a-9edf78dcdac3}</UniqueIdentifier>
    </Filter>
    <Filter Include="Source Files\Slyvina\JCR6">
      <UniqueIdentifier>{456ac647-9b13-400f-8913-df69b9ccffbe}</UniqueIdentifier>
    </Filter>
    <Filter Include="Source Files\External">
      <UniqueIdentifier>{7ec7147e-1f3a-43b3-bd28-b53db7fac1ad}</UniqueIdentifier>
    </Filter>
    <Filter Include="Source Files\External\zlib">
      <UniqueIdentifier>{0fad454d-9c86-4eb7-af03-231c4da5698c}</UniqueIdentifier>
    </Filter>
    <Filter Include="Source Files\Slyvina\Lunatic">
      <UniqueIdentifier>{942e9a86-0891-49db-a09d-f8cba199297d}</UniqueIdentifier>
    </Filter>
    <Filter Include="Source Files\Slyvina\Lunatic\lua">
      <UniqueIdentifier>{ae2ff49f-0209-4550-bf19-fe5259671fb9}</UniqueIdentifier>
    </Filter>
    <Filter Include="Source Files\Slyvina\Kitty">
      <UniqueIdentifier>{820dd8d4-a7a6-43d1-b539-0f94b058a40e}</UniqueIdentifier>
    </Filter>
  </ItemGroup>
  <ItemGroup>
    <ClCompile Include="Jalondi_Main.cpp">
      <Filter>Source Files\Jalondi</Filter>
    </ClCompile>
    <ClCompile Include="Jalondi_Class.cpp">
      <Filter>Source Files\Jalondi</Filter>
    </ClCompile>
    <ClCompile Include="..\..\..\..\Libs\Units\Source\SlyvArgParse.cpp">
      <Filter>Source Files\Slyvina\Units</Filter>
    </ClCompile>
    <ClCompile Include="..\..\..\..\Libs\Units\Source\SlyvAsk.cpp">
      <Filter>Source Files\Slyvina\Units</Filter>
    </ClCompile>
    <ClCompile Include="..\..\..\..\Libs\Units\Source\SlyvBank.cpp">
      <Filter>Source Files\Slyvina\Units</Filter>
    </ClCompile>
    <ClCompile Include="..\..\..\..\Libs\Units\Source\SlyvDir.cpp">
      <Filter>Source Files\Slyvina\Units</Filter>
    </ClCompile>
    <ClCompile Include="..\..\..\..\Libs\Units\Source\SlyvDirry.cpp">
      <Filter>Source Files\Slyvina\Units</Filter>
    </ClCompile>
    <ClCompile Include="..\..\..\..\Libs\Units\Source\SlyvMD5.cpp">
      <Filter>Source Files\Slyvina\Units</Filter>
    </ClCompile>
    <ClCompile Include="..\..\..\..\Libs\Units\Source\SlyvOpenURL.cpp">
      <Filter>Source Files\Slyvina\Units</Filter>
    </ClCompile>
    <ClCompile Include="..\..\..\..\Libs\Units\Source\SlyvQCol.cpp">
      <Filter>Source Files\Slyvina\Units</Filter>
    </ClCompile>
    <ClCompile Include="..\..\..\..\Libs\Units\Source\SlyvRoman.cpp">
      <Filter>Source Files\Slyvina\Units</Filter>
    </ClCompile>
    <ClCompile Include="..\..\..\..\Libs\Units\Source\SlyvSTOI.cpp">
      <Filter>Source Files\Slyvina\Units</Filter>
    </ClCompile>
    <ClCompile Include="..\..\..\..\Libs\Units\Source\SlyvStream.cpp">
      <Filter>Source Files\Slyvina\Units</Filter>
    </ClCompile>
    <ClCompile Include="..\..\..\..\Libs\Units\Source\SlyvString.cpp">
      <Filter>Source Files\Slyvina\Units</Filter>
    </ClCompile>
    <ClCompile Include="..\..\..\..\Libs\Units\Source\SlyvTime.cpp">
      <Filter>Source Files\Slyvina\Units</Filter>
    </ClCompile>
    <ClCompile Include="..\..\..\..\Libs\Units\Source\SlyvVolumes.cpp">
      <Filter>Source Files\Slyvina\Units</Filter>
    </ClCompile>
    <ClCompile Include="Jalondi_View.cpp">
      <Filter>Source Files\Jalondi</Filter>
    </ClCompile>
    <ClCompile Include="..\..\..\..\Libs\JCR6\Source\JCR6_Core.cpp">
      <Filter>Source Files\Slyvina\JCR6</Filter>
    </ClCompile>
    <ClCompile Include="..\..\..\..\Libs\JCR6\Source\JCR6_JQL.cpp">
      <Filter>Source Files\Slyvina\JCR6</Filter>
    </ClCompile>
    <ClCompile Include="..\..\..\..\Libs\JCR6\Source\JCR6_QuakePAK.cpp">
      <Filter>Source Files\Slyvina\JCR6</Filter>
    </ClCompile>
    <ClCompile Include="..\..\..\..\Libs\JCR6\Source\JCR6_RealDir.cpp">
      <Filter>Source Files\Slyvina\JCR6</Filter>
    </ClCompile>
    <ClCompile Include="..\..\..\..\Libs\JCR6\Source\JCR6_WAD.cpp">
      <Filter>Source Files\Slyvina\JCR6</Filter>
    </ClCompile>
    <ClCompile Include="..\..\..\..\Libs\JCR6\Source\JCR6_Westwood.cpp">
      <Filter>Source Files\Slyvina\JCR6</Filter>
    </ClCompile>
    <ClCompile Include="..\..\..\..\Libs\JCR6\Source\JCR6_Write.cpp">
      <Filter>Source Files\Slyvina\JCR6</Filter>
    </ClCompile>
    <ClCompile Include="..\..\..\..\Libs\JCR6\Source\JCR6_zlib.cpp">
      <Filter>Source Files\Slyvina\JCR6</Filter>
    </ClCompile>
    <ClCompile Include="Jalondi_HEX.cpp">
      <Filter>Source Files\Jalondi</Filter>
    </ClCompile>
    <ClCompile Include="Jalondi_Type.cpp">
      <Filter>Source Files\Jalondi</Filter>
    </ClCompile>
    <ClCompile Include="Jalondi_Create.cpp">
      <Filter>Source Files\Jalondi</Filter>
    </ClCompile>
    <ClCompile Include="..\..\..\..\Libs\Lunatic\Lunatic.cpp">
      <Filter>Source Files\Slyvina\Lunatic</Filter>
    </ClCompile>
    <ClCompile Include="..\..\..\..\Libs\Lunatic\Lua\Raw\src\lzio.c">
      <Filter>Source Files\Slyvina\Lunatic\lua</Filter>
    </ClCompile>
    <ClCompile Include="..\..\..\..\Libs\Lunatic\Lua\Raw\src\lvm.c">
      <Filter>Source Files\Slyvina\Lunatic\lua</Filter>
    </ClCompile>
    <ClCompile Include="..\..\..\..\Libs\Lunatic\Lua\Raw\src\lutf8lib.c">
      <Filter>Source Files\Slyvina\Lunatic\lua</Filter>
    </ClCompile>
    <ClCompile Include="..\..\..\..\Libs\Lunatic\Lua\Raw\src\lundump.c">
      <Filter>Source Files\Slyvina\Lunatic\lua</Filter>
    </ClCompile>
    <ClCompile Include="..\..\..\..\Libs\Lunatic\Lua\Raw\src\ltm.c">
      <Filter>Source Files\Slyvina\Lunatic\lua</Filter>
    </ClCompile>
    <ClCompile Include="..\..\..\..\Libs\Lunatic\Lua\Raw\src\ltablib.c">
      <Filter>Source Files\Slyvina\Lunatic\lua</Filter>
    </ClCompile>
    <ClCompile Include="..\..\..\..\Libs\Lunatic\Lua\Raw\src\ltable.c">
      <Filter>Source Files\Slyvina\Lunatic\lua</Filter>
    </ClCompile>
    <ClCompile Include="..\..\..\..\Libs\Lunatic\Lua\Raw\src\lstrlib.c">
      <Filter>Source Files\Slyvina\Lunatic\lua</Filter>
    </ClCompile>
    <ClCompile Include="..\..\..\..\Libs\Lunatic\Lua\Raw\src\lstring.c">
      <Filter>Source Files\Slyvina\Lunatic\lua</Filter>
    </ClCompile>
    <ClCompile Include="..\..\..\..\Libs\Lunatic\Lua\Raw\src\lstate.c">
      <Filter>Source Files\Slyvina\Lunatic\lua</Filter>
    </ClCompile>
    <ClCompile Include="..\..\..\..\Libs\Lunatic\Lua\Raw\src\lparser.c">
      <Filter>Source Files\Slyvina\Lunatic\lua</Filter>
    </ClCompile>
    <ClCompile Include="..\..\..\..\Libs\Lunatic\Lua\Raw\src\loslib.c">
      <Filter>Source Files\Slyvina\Lunatic\lua</Filter>
    </ClCompile>
    <ClCompile Include="..\..\..\..\Libs\Lunatic\Lua\Raw\src\lopcodes.c">
      <Filter>Source Files\Slyvina\Lunatic\lua</Filter>
    </ClCompile>
    <ClCompile Include="..\..\..\..\Libs\Lunatic\Lua\Raw\src\lobject.c">
      <Filter>Source Files\Slyvina\Lunatic\lua</Filter>
    </ClCompile>
    <ClCompile Include="..\..\..\..\Libs\Lunatic\Lua\Raw\src\loadlib.c">
      <Filter>Source Files\Slyvina\Lunatic\lua</Filter>
    </ClCompile>
    <ClCompile Include="..\..\..\..\Libs\Lunatic\Lua\Raw\src\lmem.c">
      <Filter>Source Files\Slyvina\Lunatic\lua</Filter>
    </ClCompile>
    <ClCompile Include="..\..\..\..\Libs\Lunatic\Lua\Raw\src\lmathlib.c">
      <Filter>Source Files\Slyvina\Lunatic\lua</Filter>
    </ClCompile>
    <ClCompile Include="..\..\..\..\Libs\Lunatic\Lua\Raw\src\llex.c">
      <Filter>Source Files\Slyvina\Lunatic\lua</Filter>
    </ClCompile>
    <ClCompile Include="..\..\..\..\Libs\Lunatic\Lua\Raw\src\liolib.c">
      <Filter>Source Files\Slyvina\Lunatic\lua</Filter>
    </ClCompile>
    <ClCompile Include="..\..\..\..\Libs\Lunatic\Lua\Raw\src\linit.c">
      <Filter>Source Files\Slyvina\Lunatic\lua</Filter>
    </ClCompile>
    <ClCompile Include="..\..\..\..\Libs\Lunatic\Lua\Raw\src\lgc.c">
      <Filter>Source Files\Slyvina\Lunatic\lua</Filter>
    </ClCompile>
    <ClCompile Include="..\..\..\..\Libs\Lunatic\Lua\Raw\src\lfunc.c">
      <Filter>Source Files\Slyvina\Lunatic\lua</Filter>
    </ClCompile>
    <ClCompile Include="..\..\..\..\Libs\Lunatic\Lua\Raw\src\ldump.c">
      <Filter>Source Files\Slyvina\Lunatic\lua</Filter>
    </ClCompile>
    <ClCompile Include="..\..\..\..\Libs\Lunatic\Lua\Raw\src\ldo.c">
      <Filter>Source Files\Slyvina\Lunatic\lua</Filter>
    </ClCompile>
    <ClCompile Include="..\..\..\..\Libs\Lunatic\Lua\Raw\src\ldebug.c">
      <Filter>Source Files\Slyvina\Lunatic\lua</Filter>
    </ClCompile>
    <ClCompile Include="..\..\..\..\Libs\Lunatic\Lua\Raw\src\ldblib.c">
      <Filter>Source Files\Slyvina\Lunatic\lua</Filter>
    </ClCompile>
    <ClCompile Include="..\..\..\..\Libs\Lunatic\Lua\Raw\src\lctype.c">
      <Filter>Source Files\Slyvina\Lunatic\lua</Filter>
    </ClCompile>
    <ClCompile Include="..\..\..\..\Libs\Lunatic\Lua\Raw\src\lcorolib.c">
      <Filter>Source Files\Slyvina\Lunatic\lua</Filter>
    </ClCompile>
    <ClCompile Include="..\..\..\..\Libs\Lunatic\Lua\Raw\src\lcode.c">
      <Filter>Source Files\Slyvina\Lunatic\lua</Filter>
    </ClCompile>
    <ClCompile Include="..\..\..\..\Libs\Lunatic\Lua\Raw\src\lbaselib.c">
      <Filter>Source Files\Slyvina\Lunatic\lua</Filter>
    </ClCompile>
    <ClCompile Include="..\..\..\..\Libs\Lunatic\Lua\Raw\src\lauxlib.c">
      <Filter>Source Files\Slyvina\Lunatic\lua</Filter>
    </ClCompile>
    <ClCompile Include="..\..\..\..\Libs\Lunatic\Lua\Raw\src\lapi.c">
      <Filter>Source Files\Slyvina\Lunatic\lua</Filter>
    </ClCompile>
    <ClCompile Include="Jalondi_Script.cpp">
      <Filter>Source Files\Jalondi</Filter>
    </ClCompile>
    <ClCompile Include="Jalondi_Extract.cpp">
      <Filter>Source Files\Jalondi</Filter>
    </ClCompile>
    <ClCompile Include="Jalondi_sView.cpp">
      <Filter>Source Files\Jalondi</Filter>
    </ClCompile>
    <ClCompile Include="..\..\..\..\Libs\Kitty\Source\Kitty_High.cpp">
      <Filter>Source Files\Slyvina\Kitty</Filter>
    </ClCompile>
    <ClCompile Include="..\..\..\..\Libs\Kitty\Source\KittyHighBASIC.cpp">
      <Filter>Source Files\Slyvina\Kitty</Filter>
    </ClCompile>
    <ClCompile Include="..\..\..\..\Libs\Kitty\Source\KittyHighBlitzBasic.cpp">
      <Filter>Source Files\Slyvina\Kitty</Filter>
    </ClCompile>
    <ClCompile Include="..\..\..\..\Libs\Kitty\Source\KittyHighBlitzMax.cpp">
      <Filter>Source Files\Slyvina\Kitty</Filter>
    </ClCompile>
    <ClCompile Include="..\..\..\..\Libs\Kitty\Source\KittyHighBrainfuck.cpp">
      <Filter>Source Files\Slyvina\Kitty</Filter>
    </ClCompile>
    <ClCompile Include="..\..\..\..\Libs\Kitty\Source\KittyHighC.cpp">
      <Filter>Source Files\Slyvina\Kitty</Filter>
    </ClCompile>
    <ClCompile Include="..\..\..\..\Libs\Kitty\Source\KittyHighCobra.cpp">
      <Filter>Source Files\Slyvina\Kitty</Filter>
    </ClCompile>
    <ClCompile Include="..\..\..\..\Libs\Kitty\Source\KittyHighCS.cpp">
      <Filter>Source Files\Slyvina\Kitty</Filter>
    </ClCompile>
    <ClCompile Include="..\..\..\..\Libs\Kitty\Source\KittyHighGo.cpp">
      <Filter>Source Files\Slyvina\Kitty</Filter>
    </ClCompile>
    <ClCompile Include="..\..\..\..\Libs\Kitty\Source\KittyHighHTML.cpp">
      <Filter>Source Files\Slyvina\Kitty</Filter>
    </ClCompile>
    <ClCompile Include="..\..\..\..\Libs\Kitty\Source\KittyHighINI.cpp">
      <Filter>Source Files\Slyvina\Kitty</Filter>
    </ClCompile>
    <ClCompile Include="..\..\..\..\Libs\Kitty\Source\KittyHighJava.cpp">
      <Filter>Source Files\Slyvina\Kitty</Filter>
    </ClCompile>
    <ClCompile Include="..\..\..\..\Libs\Kitty\Source\KittyHighJavaScript.cpp">
      <Filter>Source Files\Slyvina\Kitty</Filter>
    </ClCompile>
    <ClCompile Include="..\..\..\..\Libs\Kitty\Source\KittyHighNeil.cpp">
      <Filter>Source Files\Slyvina\Kitty</Filter>
    </ClCompile>
    <ClCompile Include="..\..\..\..\Libs\Kitty\Source\KittyHighNIL.cpp">
      <Filter>Source Files\Slyvina\Kitty</Filter>
    </ClCompile>
    <ClCompile Include="..\..\..\..\Libs\Kitty\Source\KittyHighPascal.cpp">
      <Filter>Source Files\Slyvina\Kitty</Filter>
    </ClCompile>
    <ClCompile Include="..\..\..\..\Libs\Kitty\Source\KittyHighPython.cpp">
      <Filter>Source Files\Slyvina\Kitty</Filter>
    </ClCompile>
    <ClCompile Include="..\..\..\..\Libs\Kitty\Source\KittyHighSASKIA.cpp">
      <Filter>Source Files\Slyvina\Kitty</Filter>
    </ClCompile>
    <ClCompile Include="..\..\..\..\Libs\Kitty\Source\KittyHighScyndi.cpp">
      <Filter>Source Files\Slyvina\Kitty</Filter>
    </ClCompile>
    <ClCompile Include="..\..\..\..\Libs\Kitty\Source\KittyHighVisualBasic.cpp">
      <Filter>Source Files\Slyvina\Kitty</Filter>
    </ClCompile>
    <ClCompile Include="..\..\..\..\Libs\Kitty\Source\KittyHighWhiteSpace.cpp">
      <Filter>Source Files\Slyvina\Kitty</Filter>
    </ClCompile>
    <ClCompile Include="..\..\..\..\Libs\Kitty\Source\KittyHighXML.cpp">
      <Filter>Source Files\Slyvina\Kitty</Filter>
    </ClCompile>
  </ItemGroup>
  <ItemGroup>
    <ClInclude Include="Jalondi_Class.hpp">
      <Filter>Header Files\Jalondi</Filter>
    </ClInclude>
    <ClInclude Include="Jalondi_Create.hpp">
      <Filter>Header Files\Jalondi</Filter>
    </ClInclude>
    <ClInclude Include="..\..\..\..\Libs\Lunatic\Lunatic.hpp">
      <Filter>Source Files\Slyvina\Lunatic</Filter>
    </ClInclude>
    <ClInclude Include="..\..\..\..\Libs\Lunatic\Lua\Raw\src\lzio.h">
      <Filter>Source Files\Slyvina\Lunatic\lua</Filter>
    </ClInclude>
    <ClInclude Include="..\..\..\..\Libs\Lunatic\Lua\Raw\src\lvm.h">
      <Filter>Source Files\Slyvina\Lunatic\lua</Filter>
    </ClInclude>
    <ClInclude Include="..\..\..\..\Libs\Lunatic\Lua\Raw\src\lundump.h">
      <Filter>Source Files\Slyvina\Lunatic\lua</Filter>
    </ClInclude>
    <ClInclude Include="..\..\..\..\Libs\Lunatic\Lua\Raw\src\lualib.h">
      <Filter>Source Files\Slyvina\Lunatic\lua</Filter>
    </ClInclude>
    <ClInclude Include="..\..\..\..\Libs\Lunatic\Lua\Raw\src\luaconf.h">
      <Filter>Source Files\Slyvina\Lunatic\lua</Filter>
    </ClInclude>
    <ClInclude Include="..\..\..\..\Libs\Lunatic\Lua\Raw\src\lua.hpp">
      <Filter>Source Files\Slyvina\Lunatic\lua</Filter>
    </ClInclude>
    <ClInclude Include="..\..\..\..\Libs\Lunatic\Lua\Raw\src\lua.h">
      <Filter>Source Files\Slyvina\Lunatic\lua</Filter>
    </ClInclude>
    <ClInclude Include="..\..\..\..\Libs\Lunatic\Lua\Raw\src\ltm.h">
      <Filter>Source Files\Slyvina\Lunatic\lua</Filter>
    </ClInclude>
    <ClInclude Include="..\..\..\..\Libs\Lunatic\Lua\Raw\src\ltable.h">
      <Filter>Source Files\Slyvina\Lunatic\lua</Filter>
    </ClInclude>
    <ClInclude Include="..\..\..\..\Libs\Lunatic\Lua\Raw\src\lstring.h">
      <Filter>Source Files\Slyvina\Lunatic\lua</Filter>
    </ClInclude>
    <ClInclude Include="..\..\..\..\Libs\Lunatic\Lua\Raw\src\lstate.h">
      <Filter>Source Files\Slyvina\Lunatic\lua</Filter>
    </ClInclude>
    <ClInclude Include="..\..\..\..\Libs\Lunatic\Lua\Raw\src\lprefix.h">
      <Filter>Source Files\Slyvina\Lunatic\lua</Filter>
    </ClInclude>
    <ClInclude Include="..\..\..\..\Libs\Lunatic\Lua\Raw\src\lparser.h">
      <Filter>Source Files\Slyvina\Lunatic\lua</Filter>
    </ClInclude>
    <ClInclude Include="..\..\..\..\Libs\Lunatic\Lua\Raw\src\lopnames.h">
      <Filter>Source Files\Slyvina\Lunatic\lua</Filter>
    </ClInclude>
    <ClInclude Include="..\..\..\..\Libs\Lunatic\Lua\Raw\src\lopcodes.h">
      <Filter>Source Files\Slyvina\Lunatic\lua</Filter>
    </ClInclude>
    <ClInclude Include="..\..\..\..\Libs\Lunatic\Lua\Raw\src\lobject.h">
      <Filter>Source Files\Slyvina\Lunatic\lua</Filter>
    </ClInclude>
    <ClInclude Include="..\..\..\..\Libs\Lunatic\Lua\Raw\src\lmem.h">
      <Filter>Source Files\Slyvina\Lunatic\lua</Filter>
    </ClInclude>
    <ClInclude Include="..\..\..\..\Libs\Lunatic\Lua\Raw\src\llimits.h">
      <Filter>Source Files\Slyvina\Lunatic\lua</Filter>
    </ClInclude>
    <ClInclude Include="..\..\..\..\Libs\Lunatic\Lua\Raw\src\llex.h">
      <Filter>Source Files\Slyvina\Lunatic\lua</Filter>
    </ClInclude>
    <ClInclude Include="..\..\..\..\Libs\Lunatic\Lua\Raw\src\ljumptab.h">
      <Filter>Source Files\Slyvina\Lunatic\lua</Filter>
    </ClInclude>
    <ClInclude Include="..\..\..\..\Libs\Lunatic\Lua\Raw\src\lgc.h">
      <Filter>Source Files\Slyvina\Lunatic\lua</Filter>
    </ClInclude>
    <ClInclude Include="..\..\..\..\Libs\Lunatic\Lua\Raw\src\lfunc.h">
      <Filter>Source Files\Slyvina\Lunatic\lua</Filter>
    </ClInclude>
    <ClInclude Include="..\..\..\..\Libs\Lunatic\Lua\Raw\src\ldo.h">
      <Filter>Source Files\Slyvina\Lunatic\lua</Filter>
    </ClInclude>
    <ClInclude Include="..\..\..\..\Libs\Lunatic\Lua\Raw\src\ldebug.h">
      <Filter>Source Files\Slyvina\Lunatic\lua</Filter>
    </ClInclude>
    <ClInclude Include="..\..\..\..\Libs\Lunatic\Lua\Raw\src\lctype.h">
      <Filter>Source Files\Slyvina\Lunatic\lua</Filter>
    </ClInclude>
    <ClInclude Include="..\..\..\..\Libs\Lunatic\Lua\Raw\src\lcode.h">
      <Filter>Source Files\Slyvina\Lunatic\lua</Filter>
    </ClInclude>
    <ClInclude Include="..\..\..\..\Libs\Lunatic\Lua\Raw\src\lauxlib.h">
      <Filter>Source Files\Slyvina\Lunatic\lua</Filter>
    </ClInclude>
    <ClInclude Include="..\..\..\..\Libs\Lunatic\Lua\Raw\src\lapi.h">
      <Filter>Source Files\Slyvina\Lunatic\lua</Filter>
    </ClInclude>
  </ItemGroup>
  <ItemGroup>
    <None Include="Jalondi_MkInit.py">
      <Filter>Source Files\Jalondi</Filter>
    </None>
    <None Include="Jalondi.lua">
      <Filter>Source Files\Jalondi</Filter>
    </None>
  </ItemGroup>
  <ItemGroup>
    <CopyFileToFolders Include="..\..\..\..\Libs\JCR6\3rdParty\zlib\zlib.dll">
      <Filter>Source Files\External\zlib</Filter>
    </CopyFileToFolders>
  </ItemGroup>
</Project>